// !$*UTF8*$!
{
	archiveVersion = 1;
	classes = {
	};
	objectVersion = 46;
	objects = {

/* Begin PBXBuildFile section */
		21F0A8861C20576600858610 /* AppDelegate.swift in Sources */ = {isa = PBXBuildFile; fileRef = 21F0A8851C20576600858610 /* AppDelegate.swift */; };
		21F0A8881C20576600858610 /* ViewController.swift in Sources */ = {isa = PBXBuildFile; fileRef = 21F0A8871C20576600858610 /* ViewController.swift */; };
		21F0A88B1C20576600858610 /* Main.storyboard in Resources */ = {isa = PBXBuildFile; fileRef = 21F0A8891C20576600858610 /* Main.storyboard */; };
		21F0A88D1C20576600858610 /* Assets.xcassets in Resources */ = {isa = PBXBuildFile; fileRef = 21F0A88C1C20576600858610 /* Assets.xcassets */; };
		21F0A8901C20576600858610 /* LaunchScreen.storyboard in Resources */ = {isa = PBXBuildFile; fileRef = 21F0A88E1C20576600858610 /* LaunchScreen.storyboard */; };
		21F0A89E1C20579100858610 /* ActionViewController.swift in Sources */ = {isa = PBXBuildFile; fileRef = 21F0A89D1C20579100858610 /* ActionViewController.swift */; };
		21F0A8A11C20579100858610 /* MainInterface.storyboard in Resources */ = {isa = PBXBuildFile; fileRef = 21F0A89F1C20579100858610 /* MainInterface.storyboard */; };
		21F0A8A51C20579100858610 /* Extension.appex in Embed App Extensions */ = {isa = PBXBuildFile; fileRef = 21F0A89B1C20579100858610 /* Extension.appex */; settings = {ATTRIBUTES = (RemoveHeadersOnCopy, ); }; };
		21F0A8AB1C20592100858610 /* Action.js in Resources */ = {isa = PBXBuildFile; fileRef = 21F0A8AA1C20592100858610 /* Action.js */; };
/* End PBXBuildFile section */

/* Begin PBXContainerItemProxy section */
		21F0A8A31C20579100858610 /* PBXContainerItemProxy */ = {
			isa = PBXContainerItemProxy;
			containerPortal = 21F0A87A1C20576500858610 /* Project object */;
			proxyType = 1;
			remoteGlobalIDString = 21F0A89A1C20579100858610;
			remoteInfo = Extension;
		};
/* End PBXContainerItemProxy section */

/* Begin PBXCopyFilesBuildPhase section */
		21F0A8A91C20579100858610 /* Embed App Extensions */ = {
			isa = PBXCopyFilesBuildPhase;
			buildActionMask = 2147483647;
			dstPath = "";
			dstSubfolderSpec = 13;
			files = (
				21F0A8A51C20579100858610 /* Extension.appex in Embed App Extensions */,
			);
			name = "Embed App Extensions";
			runOnlyForDeploymentPostprocessing = 0;
		};
/* End PBXCopyFilesBuildPhase section */

/* Begin PBXFileReference section */
		21F0A8821C20576600858610 /* Project16.app */ = {isa = PBXFileReference; explicitFileType = wrapper.application; includeInIndex = 0; path = Project16.app; sourceTree = BUILT_PRODUCTS_DIR; };
		21F0A8851C20576600858610 /* AppDelegate.swift */ = {isa = PBXFileReference; lastKnownFileType = sourcecode.swift; path = AppDelegate.swift; sourceTree = "<group>"; };
		21F0A8871C20576600858610 /* ViewController.swift */ = {isa = PBXFileReference; lastKnownFileType = sourcecode.swift; path = ViewController.swift; sourceTree = "<group>"; };
		21F0A88A1C20576600858610 /* Base */ = {isa = PBXFileReference; lastKnownFileType = file.storyboard; name = Base; path = Base.lproj/Main.storyboard; sourceTree = "<group>"; };
		21F0A88C1C20576600858610 /* Assets.xcassets */ = {isa = PBXFileReference; lastKnownFileType = folder.assetcatalog; path = Assets.xcassets; sourceTree = "<group>"; };
		21F0A88F1C20576600858610 /* Base */ = {isa = PBXFileReference; lastKnownFileType = file.storyboard; name = Base; path = Base.lproj/LaunchScreen.storyboard; sourceTree = "<group>"; };
		21F0A8911C20576600858610 /* Info.plist */ = {isa = PBXFileReference; lastKnownFileType = text.plist.xml; path = Info.plist; sourceTree = "<group>"; };
		21F0A89B1C20579100858610 /* Extension.appex */ = {isa = PBXFileReference; explicitFileType = "wrapper.app-extension"; includeInIndex = 0; path = Extension.appex; sourceTree = BUILT_PRODUCTS_DIR; };
		21F0A89D1C20579100858610 /* ActionViewController.swift */ = {isa = PBXFileReference; lastKnownFileType = sourcecode.swift; path = ActionViewController.swift; sourceTree = "<group>"; };
		21F0A8A01C20579100858610 /* Base */ = {isa = PBXFileReference; lastKnownFileType = file.storyboard; name = Base; path = Base.lproj/MainInterface.storyboard; sourceTree = "<group>"; };
		21F0A8A21C20579100858610 /* Info.plist */ = {isa = PBXFileReference; lastKnownFileType = text.plist.xml; path = Info.plist; sourceTree = "<group>"; };
		21F0A8AA1C20592100858610 /* Action.js */ = {isa = PBXFileReference; fileEncoding = 4; lastKnownFileType = sourcecode.javascript; path = Action.js; sourceTree = "<group>"; };
/* End PBXFileReference section */

/* Begin PBXFrameworksBuildPhase section */
		21F0A87F1C20576600858610 /* Frameworks */ = {
			isa = PBXFrameworksBuildPhase;
			buildActionMask = 2147483647;
			files = (
			);
			runOnlyForDeploymentPostprocessing = 0;
		};
		21F0A8981C20579100858610 /* Frameworks */ = {
			isa = PBXFrameworksBuildPhase;
			buildActionMask = 2147483647;
			files = (
			);
			runOnlyForDeploymentPostprocessing = 0;
		};
/* End PBXFrameworksBuildPhase section */

/* Begin PBXGroup section */
		21F0A8791C20576500858610 = {
			isa = PBXGroup;
			children = (
				21F0A8841C20576600858610 /* Project16 */,
				21F0A89C1C20579100858610 /* Extension */,
				21F0A8831C20576600858610 /* Products */,
			);
			sourceTree = "<group>";
		};
		21F0A8831C20576600858610 /* Products */ = {
			isa = PBXGroup;
			children = (
				21F0A8821C20576600858610 /* Project16.app */,
				21F0A89B1C20579100858610 /* Extension.appex */,
			);
			name = Products;
			sourceTree = "<group>";
		};
		21F0A8841C20576600858610 /* Project16 */ = {
			isa = PBXGroup;
			children = (
				21F0A8851C20576600858610 /* AppDelegate.swift */,
				21F0A8871C20576600858610 /* ViewController.swift */,
				21F0A8891C20576600858610 /* Main.storyboard */,
				21F0A88C1C20576600858610 /* Assets.xcassets */,
				21F0A88E1C20576600858610 /* LaunchScreen.storyboard */,
				21F0A8911C20576600858610 /* Info.plist */,
			);
			path = Project16;
			sourceTree = "<group>";
		};
		21F0A89C1C20579100858610 /* Extension */ = {
			isa = PBXGroup;
			children = (
				21F0A89D1C20579100858610 /* ActionViewController.swift */,
				21F0A89F1C20579100858610 /* MainInterface.storyboard */,
				21F0A8A21C20579100858610 /* Info.plist */,
				21F0A8AA1C20592100858610 /* Action.js */,
			);
			path = Extension;
			sourceTree = "<group>";
		};
/* End PBXGroup section */

/* Begin PBXNativeTarget section */
		21F0A8811C20576600858610 /* Project16 */ = {
			isa = PBXNativeTarget;
			buildConfigurationList = 21F0A8941C20576600858610 /* Build configuration list for PBXNativeTarget "Project16" */;
			buildPhases = (
				21F0A87E1C20576600858610 /* Sources */,
				21F0A87F1C20576600858610 /* Frameworks */,
				21F0A8801C20576600858610 /* Resources */,
				21F0A8A91C20579100858610 /* Embed App Extensions */,
			);
			buildRules = (
			);
			dependencies = (
				21F0A8A41C20579100858610 /* PBXTargetDependency */,
			);
			name = Project16;
			productName = Project16;
			productReference = 21F0A8821C20576600858610 /* Project16.app */;
			productType = "com.apple.product-type.application";
		};
		21F0A89A1C20579100858610 /* Extension */ = {
			isa = PBXNativeTarget;
			buildConfigurationList = 21F0A8A61C20579100858610 /* Build configuration list for PBXNativeTarget "Extension" */;
			buildPhases = (
				21F0A8971C20579100858610 /* Sources */,
				21F0A8981C20579100858610 /* Frameworks */,
				21F0A8991C20579100858610 /* Resources */,
			);
			buildRules = (
			);
			dependencies = (
			);
			name = Extension;
			productName = Extension;
			productReference = 21F0A89B1C20579100858610 /* Extension.appex */;
			productType = "com.apple.product-type.app-extension";
		};
/* End PBXNativeTarget section */

/* Begin PBXProject section */
		21F0A87A1C20576500858610 /* Project object */ = {
			isa = PBXProject;
			attributes = {
				LastSwiftUpdateCheck = 0720;
				LastUpgradeCheck = 0720;
				ORGANIZATIONNAME = ajbeckner;
				TargetAttributes = {
					21F0A8811C20576600858610 = {
						CreatedOnToolsVersion = 7.2;
					};
					21F0A89A1C20579100858610 = {
						CreatedOnToolsVersion = 7.2;
					};
				};
			};
			buildConfigurationList = 21F0A87D1C20576500858610 /* Build configuration list for PBXProject "Project16" */;
			compatibilityVersion = "Xcode 3.2";
			developmentRegion = English;
			hasScannedForEncodings = 0;
			knownRegions = (
				en,
				Base,
			);
			mainGroup = 21F0A8791C20576500858610;
			productRefGroup = 21F0A8831C20576600858610 /* Products */;
			projectDirPath = "";
			projectRoot = "";
			targets = (
				21F0A8811C20576600858610 /* Project16 */,
				21F0A89A1C20579100858610 /* Extension */,
			);
		};
/* End PBXProject section */

/* Begin PBXResourcesBuildPhase section */
		21F0A8801C20576600858610 /* Resources */ = {
			isa = PBXResourcesBuildPhase;
			buildActionMask = 2147483647;
			files = (
				21F0A8901C20576600858610 /* LaunchScreen.storyboard in Resources */,
				21F0A88D1C20576600858610 /* Assets.xcassets in Resources */,
				21F0A88B1C20576600858610 /* Main.storyboard in Resources */,
			);
			runOnlyForDeploymentPostprocessing = 0;
		};
		21F0A8991C20579100858610 /* Resources */ = {
			isa = PBXResourcesBuildPhase;
			buildActionMask = 2147483647;
			files = (
				21F0A8AB1C20592100858610 /* Action.js in Resources */,
				21F0A8A11C20579100858610 /* MainInterface.storyboard in Resources */,
			);
			runOnlyForDeploymentPostprocessing = 0;
		};
/* End PBXResourcesBuildPhase section */

/* Begin PBXSourcesBuildPhase section */
		21F0A87E1C20576600858610 /* Sources */ = {
			isa = PBXSourcesBuildPhase;
			buildActionMask = 2147483647;
			files = (
				21F0A8881C20576600858610 /* ViewController.swift in Sources */,
				21F0A8861C20576600858610 /* AppDelegate.swift in Sources */,
			);
			runOnlyForDeploymentPostprocessing = 0;
		};
		21F0A8971C20579100858610 /* Sources */ = {
			isa = PBXSourcesBuildPhase;
			buildActionMask = 2147483647;
			files = (
				21F0A89E1C20579100858610 /* ActionViewController.swift in Sources */,
			);
			runOnlyForDeploymentPostprocessing = 0;
		};
/* End PBXSourcesBuildPhase section */

/* Begin PBXTargetDependency section */
		21F0A8A41C20579100858610 /* PBXTargetDependency */ = {
			isa = PBXTargetDependency;
			target = 21F0A89A1C20579100858610 /* Extension */;
			targetProxy = 21F0A8A31C20579100858610 /* PBXContainerItemProxy */;
		};
/* End PBXTargetDependency section */

/* Begin PBXVariantGroup section */
		21F0A8891C20576600858610 /* Main.storyboard */ = {
			isa = PBXVariantGroup;
			children = (
				21F0A88A1C20576600858610 /* Base */,
			);
			name = Main.storyboard;
			sourceTree = "<group>";
		};
		21F0A88E1C20576600858610 /* LaunchScreen.storyboard */ = {
			isa = PBXVariantGroup;
			children = (
				21F0A88F1C20576600858610 /* Base */,
			);
			name = LaunchScreen.storyboard;
			sourceTree = "<group>";
		};
		21F0A89F1C20579100858610 /* MainInterface.storyboard */ = {
			isa = PBXVariantGroup;
			children = (
				21F0A8A01C20579100858610 /* Base */,
			);
			name = MainInterface.storyboard;
			sourceTree = "<group>";
		};
/* End PBXVariantGroup section */

/* Begin XCBuildConfiguration section */
		21F0A8921C20576600858610 /* Debug */ = {
			isa = XCBuildConfiguration;
			buildSettings = {
				ALWAYS_SEARCH_USER_PATHS = NO;
				CLANG_CXX_LANGUAGE_STANDARD = "gnu++0x";
				CLANG_CXX_LIBRARY = "libc++";
				CLANG_ENABLE_MODULES = YES;
				CLANG_ENABLE_OBJC_ARC = YES;
				CLANG_WARN_BOOL_CONVERSION = YES;
				CLANG_WARN_CONSTANT_CONVERSION = YES;
				CLANG_WARN_DIRECT_OBJC_ISA_USAGE = YES_ERROR;
				CLANG_WARN_EMPTY_BODY = YES;
				CLANG_WARN_ENUM_CONVERSION = YES;
				CLANG_WARN_INT_CONVERSION = YES;
				CLANG_WARN_OBJC_ROOT_CLASS = YES_ERROR;
				CLANG_WARN_UNREACHABLE_CODE = YES;
				CLANG_WARN__DUPLICATE_METHOD_MATCH = YES;
				"CODE_SIGN_IDENTITY[sdk=iphoneos*]" = "iPhone Developer";
				COPY_PHASE_STRIP = NO;
				DEBUG_INFORMATION_FORMAT = dwarf;
				ENABLE_STRICT_OBJC_MSGSEND = YES;
				ENABLE_TESTABILITY = YES;
				GCC_C_LANGUAGE_STANDARD = gnu99;
				GCC_DYNAMIC_NO_PIC = NO;
				GCC_NO_COMMON_BLOCKS = YES;
				GCC_OPTIMIZATION_LEVEL = 0;
				GCC_PREPROCESSOR_DEFINITIONS = (
					"DEBUG=1",
					"$(inherited)",
				);
				GCC_WARN_64_TO_32_BIT_CONVERSION = YES;
				GCC_WARN_ABOUT_RETURN_TYPE = YES_ERROR;
				GCC_WARN_UNDECLARED_SELECTOR = YES;
				GCC_WARN_UNINITIALIZED_AUTOS = YES_AGGRESSIVE;
				GCC_WARN_UNUSED_FUNCTION = YES;
				GCC_WARN_UNUSED_VARIABLE = YES;
				IPHONEOS_DEPLOYMENT_TARGET = 9.2;
				MTL_ENABLE_DEBUG_INFO = YES;
				ONLY_ACTIVE_ARCH = YES;
				SDKROOT = iphoneos;
				SWIFT_OPTIMIZATION_LEVEL = "-Onone";
			};
			name = Debug;
		};
		21F0A8931C20576600858610 /* Release */ = {
			isa = XCBuildConfiguration;
			buildSettings = {
				ALWAYS_SEARCH_USER_PATHS = NO;
				CLANG_CXX_LANGUAGE_STANDARD = "gnu++0x";
				CLANG_CXX_LIBRARY = "libc++";
				CLANG_ENABLE_MODULES = YES;
				CLANG_ENABLE_OBJC_ARC = YES;
				CLANG_WARN_BOOL_CONVERSION = YES;
				CLANG_WARN_CONSTANT_CONVERSION = YES;
				CLANG_WARN_DIRECT_OBJC_ISA_USAGE = YES_ERROR;
				CLANG_WARN_EMPTY_BODY = YES;
				CLANG_WARN_ENUM_CONVERSION = YES;
				CLANG_WARN_INT_CONVERSION = YES;
				CLANG_WARN_OBJC_ROOT_CLASS = YES_ERROR;
				CLANG_WARN_UNREACHABLE_CODE = YES;
				CLANG_WARN__DUPLICATE_METHOD_MATCH = YES;
				"CODE_SIGN_IDENTITY[sdk=iphoneos*]" = "iPhone Developer";
				COPY_PHASE_STRIP = NO;
				DEBUG_INFORMATION_FORMAT = "dwarf-with-dsym";
				ENABLE_NS_ASSERTIONS = NO;
				ENABLE_STRICT_OBJC_MSGSEND = YES;
				GCC_C_LANGUAGE_STANDARD = gnu99;
				GCC_NO_COMMON_BLOCKS = YES;
				GCC_WARN_64_TO_32_BIT_CONVERSION = YES;
				GCC_WARN_ABOUT_RETURN_TYPE = YES_ERROR;
				GCC_WARN_UNDECLARED_SELECTOR = YES;
				GCC_WARN_UNINITIALIZED_AUTOS = YES_AGGRESSIVE;
				GCC_WARN_UNUSED_FUNCTION = YES;
				GCC_WARN_UNUSED_VARIABLE = YES;
				IPHONEOS_DEPLOYMENT_TARGET = 9.2;
				MTL_ENABLE_DEBUG_INFO = NO;
				SDKROOT = iphoneos;
				VALIDATE_PRODUCT = YES;
			};
			name = Release;
		};
		21F0A8951C20576600858610 /* Debug */ = {
			isa = XCBuildConfiguration;
			buildSettings = {
				ASSETCATALOG_COMPILER_APPICON_NAME = AppIcon;
				EMBEDDED_CONTENT_CONTAINS_SWIFT = YES;
				INFOPLIST_FILE = Project16/Info.plist;
				LD_RUNPATH_SEARCH_PATHS = "$(inherited) @executable_path/Frameworks";
				PRODUCT_BUNDLE_IDENTIFIER = com.ajbeckner.Project16;
				PRODUCT_NAME = "$(TARGET_NAME)";
			};
			name = Debug;
		};
		21F0A8961C20576600858610 /* Release */ = {
			isa = XCBuildConfiguration;
			buildSettings = {
				ASSETCATALOG_COMPILER_APPICON_NAME = AppIcon;
				EMBEDDED_CONTENT_CONTAINS_SWIFT = YES;
				INFOPLIST_FILE = Project16/Info.plist;
				LD_RUNPATH_SEARCH_PATHS = "$(inherited) @executable_path/Frameworks";
				PRODUCT_BUNDLE_IDENTIFIER = com.ajbeckner.Project16;
				PRODUCT_NAME = "$(TARGET_NAME)";
			};
			name = Release;
		};
		21F0A8A71C20579100858610 /* Debug */ = {
			isa = XCBuildConfiguration;
			buildSettings = {
				INFOPLIST_FILE = Extension/Info.plist;
				LD_RUNPATH_SEARCH_PATHS = "$(inherited) @executable_path/Frameworks @executable_path/../../Frameworks";
				PRODUCT_BUNDLE_IDENTIFIER = com.ajbeckner.Project16.Extension;
				PRODUCT_NAME = "$(TARGET_NAME)";
				SKIP_INSTALL = YES;
			};
			name = Debug;
		};
		21F0A8A81C20579100858610 /* Release */ = {
			isa = XCBuildConfiguration;
			buildSettings = {
				INFOPLIST_FILE = Extension/Info.plist;
				LD_RUNPATH_SEARCH_PATHS = "$(inherited) @executable_path/Frameworks @executable_path/../../Frameworks";
				PRODUCT_BUNDLE_IDENTIFIER = com.ajbeckner.Project16.Extension;
				PRODUCT_NAME = "$(TARGET_NAME)";
				SKIP_INSTALL = YES;
			};
			name = Release;
		};
/* End XCBuildConfiguration section */

/* Begin XCConfigurationList section */
		21F0A87D1C20576500858610 /* Build configuration list for PBXProject "Project16" */ = {
			isa = XCConfigurationList;
			buildConfigurations = (
				21F0A8921C20576600858610 /* Debug */,
				21F0A8931C20576600858610 /* Release */,
			);
			defaultConfigurationIsVisible = 0;
			defaultConfigurationName = Release;
		};
		21F0A8941C20576600858610 /* Build configuration list for PBXNativeTarget "Project16" */ = {
			isa = XCConfigurationList;
			buildConfigurations = (
				21F0A8951C20576600858610 /* Debug */,
				21F0A8961C20576600858610 /* Release */,
			);
			defaultConfigurationIsVisible = 0;
		};
		21F0A8A61C20579100858610 /* Build configuration list for PBXNativeTarget "Extension" */ = {
			isa = XCConfigurationList;
			buildConfigurations = (
				21F0A8A71C20579100858610 /* Debug */,
				21F0A8A81C20579100858610 /* Release */,
			);
			defaultConfigurationIsVisible = 0;
		};
/* End XCConfigurationList section */
	};
	rootObject = 21F0A87A1C20576500858610 /* Project object */;
}
