// !$*UTF8*$!
{
	archiveVersion = 1;
	classes = {
	};
	objectVersion = 46;
	objects = {

/* Begin PBXBuildFile section */
		2188AD311C1F5DB600591E83 /* AppDelegate.swift in Sources */ = {isa = PBXBuildFile; fileRef = 2188AD301C1F5DB600591E83 /* AppDelegate.swift */; };
		2188AD331C1F5DB600591E83 /* ViewController.swift in Sources */ = {isa = PBXBuildFile; fileRef = 2188AD321C1F5DB600591E83 /* ViewController.swift */; };
		2188AD361C1F5DB600591E83 /* Main.storyboard in Resources */ = {isa = PBXBuildFile; fileRef = 2188AD341C1F5DB600591E83 /* Main.storyboard */; };
		2188AD381C1F5DB600591E83 /* Assets.xcassets in Resources */ = {isa = PBXBuildFile; fileRef = 2188AD371C1F5DB600591E83 /* Assets.xcassets */; };
		2188AD3B1C1F5DB600591E83 /* LaunchScreen.storyboard in Resources */ = {isa = PBXBuildFile; fileRef = 2188AD391C1F5DB600591E83 /* LaunchScreen.storyboard */; };
		2188AD451C1F5DEF00591E83 /* penguin.png in Resources */ = {isa = PBXBuildFile; fileRef = 2188AD431C1F5DEF00591E83 /* penguin.png */; };
		2188AD461C1F5DEF00591E83 /* penguin@2x.png in Resources */ = {isa = PBXBuildFile; fileRef = 2188AD441C1F5DEF00591E83 /* penguin@2x.png */; };
/* End PBXBuildFile section */

/* Begin PBXFileReference section */
		2188AD2D1C1F5DB600591E83 /* Project15.app */ = {isa = PBXFileReference; explicitFileType = wrapper.application; includeInIndex = 0; path = Project15.app; sourceTree = BUILT_PRODUCTS_DIR; };
		2188AD301C1F5DB600591E83 /* AppDelegate.swift */ = {isa = PBXFileReference; lastKnownFileType = sourcecode.swift; path = AppDelegate.swift; sourceTree = "<group>"; };
		2188AD321C1F5DB600591E83 /* ViewController.swift */ = {isa = PBXFileReference; lastKnownFileType = sourcecode.swift; path = ViewController.swift; sourceTree = "<group>"; };
		2188AD351C1F5DB600591E83 /* Base */ = {isa = PBXFileReference; lastKnownFileType = file.storyboard; name = Base; path = Base.lproj/Main.storyboard; sourceTree = "<group>"; };
		2188AD371C1F5DB600591E83 /* Assets.xcassets */ = {isa = PBXFileReference; lastKnownFileType = folder.assetcatalog; path = Assets.xcassets; sourceTree = "<group>"; };
		2188AD3A1C1F5DB600591E83 /* Base */ = {isa = PBXFileReference; lastKnownFileType = file.storyboard; name = Base; path = Base.lproj/LaunchScreen.storyboard; sourceTree = "<group>"; };
		2188AD3C1C1F5DB600591E83 /* Info.plist */ = {isa = PBXFileReference; lastKnownFileType = text.plist.xml; path = Info.plist; sourceTree = "<group>"; };
		2188AD431C1F5DEF00591E83 /* penguin.png */ = {isa = PBXFileReference; lastKnownFileType = image.png; path = penguin.png; sourceTree = "<group>"; };
		2188AD441C1F5DEF00591E83 /* penguin@2x.png */ = {isa = PBXFileReference; lastKnownFileType = image.png; path = "penguin@2x.png"; sourceTree = "<group>"; };
/* End PBXFileReference section */

/* Begin PBXFrameworksBuildPhase section */
		2188AD2A1C1F5DB600591E83 /* Frameworks */ = {
			isa = PBXFrameworksBuildPhase;
			buildActionMask = 2147483647;
			files = (
			);
			runOnlyForDeploymentPostprocessing = 0;
		};
/* End PBXFrameworksBuildPhase section */

/* Begin PBXGroup section */
		2188AD241C1F5DB600591E83 = {
			isa = PBXGroup;
			children = (
				2188AD2F1C1F5DB600591E83 /* Project15 */,
				2188AD2E1C1F5DB600591E83 /* Products */,
			);
			sourceTree = "<group>";
		};
		2188AD2E1C1F5DB600591E83 /* Products */ = {
			isa = PBXGroup;
			children = (
				2188AD2D1C1F5DB600591E83 /* Project15.app */,
			);
			name = Products;
			sourceTree = "<group>";
		};
		2188AD2F1C1F5DB600591E83 /* Project15 */ = {
			isa = PBXGroup;
			children = (
				2188AD301C1F5DB600591E83 /* AppDelegate.swift */,
				2188AD321C1F5DB600591E83 /* ViewController.swift */,
				2188AD341C1F5DB600591E83 /* Main.storyboard */,
				2188AD421C1F5DEF00591E83 /* Content */,
				2188AD371C1F5DB600591E83 /* Assets.xcassets */,
				2188AD391C1F5DB600591E83 /* LaunchScreen.storyboard */,
				2188AD3C1C1F5DB600591E83 /* Info.plist */,
			);
			path = Project15;
			sourceTree = "<group>";
		};
		2188AD421C1F5DEF00591E83 /* Content */ = {
			isa = PBXGroup;
			children = (
				2188AD431C1F5DEF00591E83 /* penguin.png */,
				2188AD441C1F5DEF00591E83 /* penguin@2x.png */,
			);
			path = Content;
			sourceTree = "<group>";
		};
/* End PBXGroup section */

/* Begin PBXNativeTarget section */
		2188AD2C1C1F5DB600591E83 /* Project15 */ = {
			isa = PBXNativeTarget;
			buildConfigurationList = 2188AD3F1C1F5DB600591E83 /* Build configuration list for PBXNativeTarget "Project15" */;
			buildPhases = (
				2188AD291C1F5DB600591E83 /* Sources */,
				2188AD2A1C1F5DB600591E83 /* Frameworks */,
				2188AD2B1C1F5DB600591E83 /* Resources */,
			);
			buildRules = (
			);
			dependencies = (
			);
			name = Project15;
			productName = Project15;
			productReference = 2188AD2D1C1F5DB600591E83 /* Project15.app */;
			productType = "com.apple.product-type.application";
		};
/* End PBXNativeTarget section */

/* Begin PBXProject section */
		2188AD251C1F5DB600591E83 /* Project object */ = {
			isa = PBXProject;
			attributes = {
				LastSwiftUpdateCheck = 0720;
				LastUpgradeCheck = 0720;
				ORGANIZATIONNAME = ajbeckner;
				TargetAttributes = {
					2188AD2C1C1F5DB600591E83 = {
						CreatedOnToolsVersion = 7.2;
						DevelopmentTeam = JA5LN72D3Y;
					};
				};
			};
			buildConfigurationList = 2188AD281C1F5DB600591E83 /* Build configuration list for PBXProject "Project15" */;
			compatibilityVersion = "Xcode 3.2";
			developmentRegion = English;
			hasScannedForEncodings = 0;
			knownRegions = (
				en,
				Base,
			);
			mainGroup = 2188AD241C1F5DB600591E83;
			productRefGroup = 2188AD2E1C1F5DB600591E83 /* Products */;
			projectDirPath = "";
			projectRoot = "";
			targets = (
				2188AD2C1C1F5DB600591E83 /* Project15 */,
			);
		};
/* End PBXProject section */

/* Begin PBXResourcesBuildPhase section */
		2188AD2B1C1F5DB600591E83 /* Resources */ = {
			isa = PBXResourcesBuildPhase;
			buildActionMask = 2147483647;
			files = (
				2188AD451C1F5DEF00591E83 /* penguin.png in Resources */,
				2188AD3B1C1F5DB600591E83 /* LaunchScreen.storyboard in Resources */,
				2188AD381C1F5DB600591E83 /* Assets.xcassets in Resources */,
				2188AD361C1F5DB600591E83 /* Main.storyboard in Resources */,
				2188AD461C1F5DEF00591E83 /* penguin@2x.png in Resources */,
			);
			runOnlyForDeploymentPostprocessing = 0;
		};
/* End PBXResourcesBuildPhase section */

/* Begin PBXSourcesBuildPhase section */
		2188AD291C1F5DB600591E83 /* Sources */ = {
			isa = PBXSourcesBuildPhase;
			buildActionMask = 2147483647;
			files = (
				2188AD331C1F5DB600591E83 /* ViewController.swift in Sources */,
				2188AD311C1F5DB600591E83 /* AppDelegate.swift in Sources */,
			);
			runOnlyForDeploymentPostprocessing = 0;
		};
/* End PBXSourcesBuildPhase section */

/* Begin PBXVariantGroup section */
		2188AD341C1F5DB600591E83 /* Main.storyboard */ = {
			isa = PBXVariantGroup;
			children = (
				2188AD351C1F5DB600591E83 /* Base */,
			);
			name = Main.storyboard;
			sourceTree = "<group>";
		};
		2188AD391C1F5DB600591E83 /* LaunchScreen.storyboard */ = {
			isa = PBXVariantGroup;
			children = (
				2188AD3A1C1F5DB600591E83 /* Base */,
			);
			name = LaunchScreen.storyboard;
			sourceTree = "<group>";
		};
/* End PBXVariantGroup section */

/* Begin XCBuildConfiguration section */
		2188AD3D1C1F5DB600591E83 /* Debug */ = {
			isa = XCBuildConfiguration;
			buildSettings = {
				ALWAYS_SEARCH_USER_PATHS = NO;
				CLANG_CXX_LANGUAGE_STANDARD = "gnu++0x";
				CLANG_CXX_LIBRARY = "libc++";
				CLANG_ENABLE_MODULES = YES;
				CLANG_ENABLE_OBJC_ARC = YES;
				CLANG_WARN_BOOL_CONVERSION = YES;
				CLANG_WARN_CONSTANT_CONVERSION = YES;
				CLANG_WARN_DIRECT_OBJC_ISA_USAGE = YES_ERROR;
				CLANG_WARN_EMPTY_BODY = YES;
				CLANG_WARN_ENUM_CONVERSION = YES;
				CLANG_WARN_INT_CONVERSION = YES;
				CLANG_WARN_OBJC_ROOT_CLASS = YES_ERROR;
				CLANG_WARN_UNREACHABLE_CODE = YES;
				CLANG_WARN__DUPLICATE_METHOD_MATCH = YES;
				"CODE_SIGN_IDENTITY[sdk=iphoneos*]" = "iPhone Developer";
				COPY_PHASE_STRIP = NO;
				DEBUG_INFORMATION_FORMAT = dwarf;
				ENABLE_STRICT_OBJC_MSGSEND = YES;
				ENABLE_TESTABILITY = YES;
				GCC_C_LANGUAGE_STANDARD = gnu99;
				GCC_DYNAMIC_NO_PIC = NO;
				GCC_NO_COMMON_BLOCKS = YES;
				GCC_OPTIMIZATION_LEVEL = 0;
				GCC_PREPROCESSOR_DEFINITIONS = (
					"DEBUG=1",
					"$(inherited)",
				);
				GCC_WARN_64_TO_32_BIT_CONVERSION = YES;
				GCC_WARN_ABOUT_RETURN_TYPE = YES_ERROR;
				GCC_WARN_UNDECLARED_SELECTOR = YES;
				GCC_WARN_UNINITIALIZED_AUTOS = YES_AGGRESSIVE;
				GCC_WARN_UNUSED_FUNCTION = YES;
				GCC_WARN_UNUSED_VARIABLE = YES;
				IPHONEOS_DEPLOYMENT_TARGET = 9.2;
				MTL_ENABLE_DEBUG_INFO = YES;
				ONLY_ACTIVE_ARCH = YES;
				SDKROOT = iphoneos;
				SWIFT_OPTIMIZATION_LEVEL = "-Onone";
				TARGETED_DEVICE_FAMILY = 2;
			};
			name = Debug;
		};
		2188AD3E1C1F5DB600591E83 /* Release */ = {
			isa = XCBuildConfiguration;
			buildSettings = {
				ALWAYS_SEARCH_USER_PATHS = NO;
				CLANG_CXX_LANGUAGE_STANDARD = "gnu++0x";
				CLANG_CXX_LIBRARY = "libc++";
				CLANG_ENABLE_MODULES = YES;
				CLANG_ENABLE_OBJC_ARC = YES;
				CLANG_WARN_BOOL_CONVERSION = YES;
				CLANG_WARN_CONSTANT_CONVERSION = YES;
				CLANG_WARN_DIRECT_OBJC_ISA_USAGE = YES_ERROR;
				CLANG_WARN_EMPTY_BODY = YES;
				CLANG_WARN_ENUM_CONVERSION = YES;
				CLANG_WARN_INT_CONVERSION = YES;
				CLANG_WARN_OBJC_ROOT_CLASS = YES_ERROR;
				CLANG_WARN_UNREACHABLE_CODE = YES;
				CLANG_WARN__DUPLICATE_METHOD_MATCH = YES;
				"CODE_SIGN_IDENTITY[sdk=iphoneos*]" = "iPhone Developer";
				COPY_PHASE_STRIP = NO;
				DEBUG_INFORMATION_FORMAT = "dwarf-with-dsym";
				ENABLE_NS_ASSERTIONS = NO;
				ENABLE_STRICT_OBJC_MSGSEND = YES;
				GCC_C_LANGUAGE_STANDARD = gnu99;
				GCC_NO_COMMON_BLOCKS = YES;
				GCC_WARN_64_TO_32_BIT_CONVERSION = YES;
				GCC_WARN_ABOUT_RETURN_TYPE = YES_ERROR;
				GCC_WARN_UNDECLARED_SELECTOR = YES;
				GCC_WARN_UNINITIALIZED_AUTOS = YES_AGGRESSIVE;
				GCC_WARN_UNUSED_FUNCTION = YES;
				GCC_WARN_UNUSED_VARIABLE = YES;
				IPHONEOS_DEPLOYMENT_TARGET = 9.2;
				MTL_ENABLE_DEBUG_INFO = NO;
				SDKROOT = iphoneos;
				TARGETED_DEVICE_FAMILY = 2;
				VALIDATE_PRODUCT = YES;
			};
			name = Release;
		};
		2188AD401C1F5DB600591E83 /* Debug */ = {
			isa = XCBuildConfiguration;
			buildSettings = {
				ASSETCATALOG_COMPILER_APPICON_NAME = AppIcon;
				CODE_SIGN_IDENTITY = "iPhone Developer";
				"CODE_SIGN_IDENTITY[sdk=iphoneos*]" = "iPhone Developer";
				INFOPLIST_FILE = Project15/Info.plist;
				LD_RUNPATH_SEARCH_PATHS = "$(inherited) @executable_path/Frameworks";
				PRODUCT_BUNDLE_IDENTIFIER = com.ajbeckner.Project15;
				PRODUCT_NAME = "$(TARGET_NAME)";
				PROVISIONING_PROFILE = "";
			};
			name = Debug;
		};
		2188AD411C1F5DB600591E83 /* Release */ = {
			isa = XCBuildConfiguration;
			buildSettings = {
				ASSETCATALOG_COMPILER_APPICON_NAME = AppIcon;
				CODE_SIGN_IDENTITY = "iPhone Developer";
				"CODE_SIGN_IDENTITY[sdk=iphoneos*]" = "iPhone Developer";
				INFOPLIST_FILE = Project15/Info.plist;
				LD_RUNPATH_SEARCH_PATHS = "$(inherited) @executable_path/Frameworks";
				PRODUCT_BUNDLE_IDENTIFIER = com.ajbeckner.Project15;
				PRODUCT_NAME = "$(TARGET_NAME)";
				PROVISIONING_PROFILE = "";
			};
			name = Release;
		};
/* End XCBuildConfiguration section */

/* Begin XCConfigurationList section */
		2188AD281C1F5DB600591E83 /* Build configuration list for PBXProject "Project15" */ = {
			isa = XCConfigurationList;
			buildConfigurations = (
				2188AD3D1C1F5DB600591E83 /* Debug */,
				2188AD3E1C1F5DB600591E83 /* Release */,
			);
			defaultConfigurationIsVisible = 0;
			defaultConfigurationName = Release;
		};
		2188AD3F1C1F5DB600591E83 /* Build configuration list for PBXNativeTarget "Project15" */ = {
			isa = XCConfigurationList;
			buildConfigurations = (
				2188AD401C1F5DB600591E83 /* Debug */,
				2188AD411C1F5DB600591E83 /* Release */,
			);
			defaultConfigurationIsVisible = 0;
		};
/* End XCConfigurationList section */
	};
	rootObject = 2188AD251C1F5DB600591E83 /* Project object */;
}
